
Microsoft Visual Studio Solution File, Format Version 12.00
# Visual Studio 15
VisualStudioVersion = 15.0.28307.1062
MinimumVisualStudioVersion = 10.0.40219.1
Project("{FAE04EC0-301F-11D3-BF4B-00C04F79EFBC}") = "IACIS2020", "IACIS2020\IACIS2020.csproj", "{EFC0FBE0-44F5-4832-BC8E-F3745BD88584}"
EndProject
Global
	GlobalSection(SolutionConfigurationPlatforms) = preSolution
		Debug|Any CPU = Debug|Any CPU
		Release|Any CPU = Release|Any CPU
	EndGlobalSection
	GlobalSection(ProjectConfigurationPlatforms) = postSolution
		{EFC0FBE0-44F5-4832-BC8E-F3745BD88584}.Debug|Any CPU.ActiveCfg = Debug|Any CPU
		{EFC0FBE0-44F5-4832-BC8E-F3745BD88584}.Debug|Any CPU.Build.0 = Debug|Any CPU
		{EFC0FBE0-44F5-4832-BC8E-F3745BD88584}.Release|Any CPU.ActiveCfg = Release|Any CPU
		{EFC0FBE0-44F5-4832-BC8E-F3745BD88584}.Release|Any CPU.Build.0 = Release|Any CPU
	EndGlobalSection
	GlobalSection(SolutionProperties) = preSolution
		HideSolutionNode = FALSE
	EndGlobalSection
	GlobalSection(ExtensibilityGlobals) = postSolution
		SolutionGuid = {6BCC2140-DE39-439F-81EB-910485016515}
	EndGlobalSection
EndGlobal
